
Microsoft Visual Studio Solution File, Format Version 12.00
# Visual Studio Version 16
VisualStudioVersion = 16.0.31424.327
MinimumVisualStudioVersion = 10.0.40219.1
Project("{FAE04EC0-301F-11D3-BF4B-00C04F79EFBC}") = "Nodos1", "Nodos1\Nodos1.csproj", "{F75420BD-2D21-443E-B1F6-43E5BCB6663B}"
EndProject
Project("{FAE04EC0-301F-11D3-BF4B-00C04F79EFBC}") = "AnalizadorTexto", "AnalizadorTexto\AnalizadorTexto.csproj", "{F6717D3D-9382-439E-9419-42A4544D46C0}"
EndProject
Global
	GlobalSection(SolutionConfigurationPlatforms) = preSolution
		Debug|Any CPU = Debug|Any CPU
		Release|Any CPU = Release|Any CPU
	EndGlobalSection
	GlobalSection(ProjectConfigurationPlatforms) = postSolution
		{F75420BD-2D21-443E-B1F6-43E5BCB6663B}.Debug|Any CPU.ActiveCfg = Debug|Any CPU
		{F75420BD-2D21-443E-B1F6-43E5BCB6663B}.Debug|Any CPU.Build.0 = Debug|Any CPU
		{F75420BD-2D21-443E-B1F6-43E5BCB6663B}.Release|Any CPU.ActiveCfg = Release|Any CPU
		{F75420BD-2D21-443E-B1F6-43E5BCB6663B}.Release|Any CPU.Build.0 = Release|Any CPU
		{F6717D3D-9382-439E-9419-42A4544D46C0}.Debug|Any CPU.ActiveCfg = Debug|Any CPU
		{F6717D3D-9382-439E-9419-42A4544D46C0}.Debug|Any CPU.Build.0 = Debug|Any CPU
		{F6717D3D-9382-439E-9419-42A4544D46C0}.Release|Any CPU.ActiveCfg = Release|Any CPU
		{F6717D3D-9382-439E-9419-42A4544D46C0}.Release|Any CPU.Build.0 = Release|Any CPU
	EndGlobalSection
	GlobalSection(SolutionProperties) = preSolution
		HideSolutionNode = FALSE
	EndGlobalSection
	GlobalSection(ExtensibilityGlobals) = postSolution
		SolutionGuid = {8E138F8E-D5FF-465B-A43F-52BAEA8098D5}
	EndGlobalSection
EndGlobal
